{
  "name": "books-shop",
  "version": "0.0.1",
  "lockfileVersion": 2,
  "requires": true,
  "packages": {
    "": {
      "name": "books-shop",
      "version": "0.0.1",
      "license": "ISC",
      "dependencies": {
        "luch-request": "^3.0.7",
        "uview-ui": "^1.8.4"
      }
    },
    "node_modules/@dcloudio/types": {
      "version": "2.6.11",
      "resolved": "https://mirrors.cloud.tencent.com/npm/@dcloudio%2ftypes/-/types-2.6.11.tgz",
      "integrity": "sha512-nTlGWxGAI0Xq7twTThdRJTJa0kBtNDyWACO2xYJyhVQXNKKIci1PwDuQmpvZCD1apbwWWVi+jm9RBMNsjAtxZw==",
      "license": "Apache-2.0"
    },
    "node_modules/luch-request": {
      "version": "3.0.7",
      "resolved": "https://mirrors.cloud.tencent.com/npm/luch-request/-/luch-request-3.0.7.tgz",
      "integrity": "sha512-rYTgAO0CiAMjuotvwhtEREQ6mh/qdgYO2a+cKDv2VPnww/MdNaHMGMpsPY6VvJCOtfH7kV9lDujjuihhlu1xmg==",
      "license": "MIT",
      "dependencies": {
        "@dcloudio/types": "^2.0.16"
      }
    },
    "node_modules/uview-ui": {
      "version": "1.8.6",
      "resolved": "https://mirrors.cloud.tencent.com/npm/uview-ui/-/uview-ui-1.8.6.tgz",
      "integrity": "sha512-R93WU6htCP2Fpw668ABpF7Y8UqIx66pUKGAwBYLDkbnIldyKWkjtfJzqjFm22tF41ty6FVB+82L+gIL775c5LQ==",
      "license": "MIT"
    }
  },
  "dependencies": {
    "@dcloudio/types": {
      "version": "2.6.11",
      "resolved": "https://mirrors.cloud.tencent.com/npm/@dcloudio%2ftypes/-/types-2.6.11.tgz",
      "integrity": "sha512-nTlGWxGAI0Xq7twTThdRJTJa0kBtNDyWACO2xYJyhVQXNKKIci1PwDuQmpvZCD1apbwWWVi+jm9RBMNsjAtxZw=="
    },
    "luch-request": {
      "version": "3.0.7",
      "resolved": "https://mirrors.cloud.tencent.com/npm/luch-request/-/luch-request-3.0.7.tgz",
      "integrity": "sha512-rYTgAO0CiAMjuotvwhtEREQ6mh/qdgYO2a+cKDv2VPnww/MdNaHMGMpsPY6VvJCOtfH7kV9lDujjuihhlu1xmg==",
      "requires": {
        "@dcloudio/types": "^2.0.16"
      }
    },
    "uview-ui": {
      "version": "1.8.6",
      "resolved": "https://mirrors.cloud.tencent.com/npm/uview-ui/-/uview-ui-1.8.6.tgz",
      "integrity": "sha512-R93WU6htCP2Fpw668ABpF7Y8UqIx66pUKGAwBYLDkbnIldyKWkjtfJzqjFm22tF41ty6FVB+82L+gIL775c5LQ=="
    }
  }
}
